
Microsoft Visual Studio Solution File, Format Version 12.00
# Visual Studio Version 17
VisualStudioVersion = 17.14.36705.20 d17.14
MinimumVisualStudioVersion = 10.0.40219.1
Project("{FAE04EC0-301F-11D3-BF4B-00C04F79EFBC}") = "12.08otthongyak", "12.08otthongyak\12.08otthongyak.csproj", "{EAF40A62-FCFC-4C43-B8A5-600B3836B447}"
EndProject
Project("{FAE04EC0-301F-11D3-BF4B-00C04F79EFBC}") = "12.08otthongyak2", "12.08otthongyak2\12.08otthongyak2.csproj", "{22B94AD2-03B5-43C4-B1E6-CD456C411D75}"
EndProject
Global
	GlobalSection(SolutionConfigurationPlatforms) = preSolution
		Debug|Any CPU = Debug|Any CPU
		Release|Any CPU = Release|Any CPU
	EndGlobalSection
	GlobalSection(ProjectConfigurationPlatforms) = postSolution
		{EAF40A62-FCFC-4C43-B8A5-600B3836B447}.Debug|Any CPU.ActiveCfg = Debug|Any CPU
		{EAF40A62-FCFC-4C43-B8A5-600B3836B447}.Debug|Any CPU.Build.0 = Debug|Any CPU
		{EAF40A62-FCFC-4C43-B8A5-600B3836B447}.Release|Any CPU.ActiveCfg = Release|Any CPU
		{EAF40A62-FCFC-4C43-B8A5-600B3836B447}.Release|Any CPU.Build.0 = Release|Any CPU
		{22B94AD2-03B5-43C4-B1E6-CD456C411D75}.Debug|Any CPU.ActiveCfg = Debug|Any CPU
		{22B94AD2-03B5-43C4-B1E6-CD456C411D75}.Debug|Any CPU.Build.0 = Debug|Any CPU
		{22B94AD2-03B5-43C4-B1E6-CD456C411D75}.Release|Any CPU.ActiveCfg = Release|Any CPU
		{22B94AD2-03B5-43C4-B1E6-CD456C411D75}.Release|Any CPU.Build.0 = Release|Any CPU
	EndGlobalSection
	GlobalSection(SolutionProperties) = preSolution
		HideSolutionNode = FALSE
	EndGlobalSection
	GlobalSection(ExtensibilityGlobals) = postSolution
		SolutionGuid = {A550129B-3D60-493D-B80A-0B9F9729D2EB}
	EndGlobalSection
EndGlobal
