
Microsoft Visual Studio Solution File, Format Version 12.00
# Visual Studio Version 17
VisualStudioVersion = 17.14.36804.6 d17.14
MinimumVisualStudioVersion = 10.0.40219.1
Project("{FAE04EC0-301F-11D3-BF4B-00C04F79EFBC}") = "DE5JFI_ea_jegyszerzesilehetoseg", "DE5JFI_ea_jegyszerzesilehetoseg\DE5JFI_ea_jegyszerzesilehetoseg.csproj", "{FD4E6759-485B-4394-B08E-00BD54E3D967}"
EndProject
Global
	GlobalSection(SolutionConfigurationPlatforms) = preSolution
		Debug|Any CPU = Debug|Any CPU
		Release|Any CPU = Release|Any CPU
	EndGlobalSection
	GlobalSection(ProjectConfigurationPlatforms) = postSolution
		{FD4E6759-485B-4394-B08E-00BD54E3D967}.Debug|Any CPU.ActiveCfg = Debug|Any CPU
		{FD4E6759-485B-4394-B08E-00BD54E3D967}.Debug|Any CPU.Build.0 = Debug|Any CPU
		{FD4E6759-485B-4394-B08E-00BD54E3D967}.Release|Any CPU.ActiveCfg = Release|Any CPU
		{FD4E6759-485B-4394-B08E-00BD54E3D967}.Release|Any CPU.Build.0 = Release|Any CPU
	EndGlobalSection
	GlobalSection(SolutionProperties) = preSolution
		HideSolutionNode = FALSE
	EndGlobalSection
	GlobalSection(ExtensibilityGlobals) = postSolution
		SolutionGuid = {5AB960E0-DFFD-4BB2-ABDB-8F03C8B9F9ED}
	EndGlobalSection
EndGlobal
