
Microsoft Visual Studio Solution File, Format Version 12.00
# Visual Studio Version 17
VisualStudioVersion = 17.14.36705.20 d17.14
MinimumVisualStudioVersion = 10.0.40219.1
Project("{FAE04EC0-301F-11D3-BF4B-00C04F79EFBC}") = "otthongyak11.28", "otthongyak11.28\otthongyak11.28.csproj", "{2CA3E7AA-F7EA-4134-9A69-E95C411325AF}"
EndProject
Project("{FAE04EC0-301F-11D3-BF4B-00C04F79EFBC}") = "FejVagyIras", "FejVagyIras\FejVagyIras.csproj", "{9EC282E1-126D-4991-BC87-2DE4F05DED0C}"
EndProject
Global
	GlobalSection(SolutionConfigurationPlatforms) = preSolution
		Debug|Any CPU = Debug|Any CPU
		Release|Any CPU = Release|Any CPU
	EndGlobalSection
	GlobalSection(ProjectConfigurationPlatforms) = postSolution
		{2CA3E7AA-F7EA-4134-9A69-E95C411325AF}.Debug|Any CPU.ActiveCfg = Debug|Any CPU
		{2CA3E7AA-F7EA-4134-9A69-E95C411325AF}.Debug|Any CPU.Build.0 = Debug|Any CPU
		{2CA3E7AA-F7EA-4134-9A69-E95C411325AF}.Release|Any CPU.ActiveCfg = Release|Any CPU
		{2CA3E7AA-F7EA-4134-9A69-E95C411325AF}.Release|Any CPU.Build.0 = Release|Any CPU
		{9EC282E1-126D-4991-BC87-2DE4F05DED0C}.Debug|Any CPU.ActiveCfg = Debug|Any CPU
		{9EC282E1-126D-4991-BC87-2DE4F05DED0C}.Debug|Any CPU.Build.0 = Debug|Any CPU
		{9EC282E1-126D-4991-BC87-2DE4F05DED0C}.Release|Any CPU.ActiveCfg = Release|Any CPU
		{9EC282E1-126D-4991-BC87-2DE4F05DED0C}.Release|Any CPU.Build.0 = Release|Any CPU
	EndGlobalSection
	GlobalSection(SolutionProperties) = preSolution
		HideSolutionNode = FALSE
	EndGlobalSection
	GlobalSection(ExtensibilityGlobals) = postSolution
		SolutionGuid = {3B617395-5FF8-45D9-BF43-6107536B63D3}
	EndGlobalSection
EndGlobal
