
Microsoft Visual Studio Solution File, Format Version 12.00
# Visual Studio Version 17
VisualStudioVersion = 17.14.36603.0 d17.14
MinimumVisualStudioVersion = 10.0.40219.1
Project("{FAE04EC0-301F-11D3-BF4B-00C04F79EFBC}") = "zhgyak1026", "zhgyak1026\zhgyak1026.csproj", "{9C37C35A-A281-44DB-A883-D1C8C0DBCE92}"
EndProject
Global
	GlobalSection(SolutionConfigurationPlatforms) = preSolution
		Debug|Any CPU = Debug|Any CPU
		Release|Any CPU = Release|Any CPU
	EndGlobalSection
	GlobalSection(ProjectConfigurationPlatforms) = postSolution
		{9C37C35A-A281-44DB-A883-D1C8C0DBCE92}.Debug|Any CPU.ActiveCfg = Debug|Any CPU
		{9C37C35A-A281-44DB-A883-D1C8C0DBCE92}.Debug|Any CPU.Build.0 = Debug|Any CPU
		{9C37C35A-A281-44DB-A883-D1C8C0DBCE92}.Release|Any CPU.ActiveCfg = Release|Any CPU
		{9C37C35A-A281-44DB-A883-D1C8C0DBCE92}.Release|Any CPU.Build.0 = Release|Any CPU
	EndGlobalSection
	GlobalSection(SolutionProperties) = preSolution
		HideSolutionNode = FALSE
	EndGlobalSection
	GlobalSection(ExtensibilityGlobals) = postSolution
		SolutionGuid = {F669BF10-A6B0-4A6E-B703-1046676211F7}
	EndGlobalSection
EndGlobal
